{
  "pins" : [
    {
      "identity" : "composed",
      "kind" : "remoteSourceControl",
      "location" : "https://github.com/opennetltd/Composed.git",
      "state" : {
        "branch" : "fix-reload-after-item-deletes",
        "revision" : "20fbd51673ec4441d2c018c192ad1a1848f3f96b"
      }
    }
  ],
  "version" : 2
}
