{
  "pins" : [
    {
      "identity" : "composed",
      "kind" : "remoteSourceControl",
      "location" : "https://github.com/opennetltd/Composed.git",
      "state" : {
        "branch" : "main",
        "revision" : "491bb72f54b833605298a2eb14122a529bbe3c36"
      }
    }
  ],
  "version" : 2
}
