{
  "pins" : [
    {
      "identity" : "composed",
      "kind" : "remoteSourceControl",
      "location" : "https://github.com/opennetltd/Composed.git",
      "state" : {
        "branch" : "fix-reload-after-item-deletes",
        "revision" : "2de0335854ab18b1909d0d1141828118abf0e700"
      }
    }
  ],
  "version" : 2
}
