{
  "pins" : [
    {
      "identity" : "composed",
      "kind" : "remoteSourceControl",
      "location" : "https://github.com/opennetltd/Composed.git",
      "state" : {
        "branch" : "fix-reload-after-item-deletes",
        "revision" : "56a6b2e803099399367c4d296b1b49bba1b6ede0"
      }
    }
  ],
  "version" : 2
}
