{
  "pins" : [
    {
      "identity" : "composed",
      "kind" : "remoteSourceControl",
      "location" : "https://github.com/opennetltd/Composed.git",
      "state" : {
        "revision" : "694c835af89f4a9ba7e1c35132420a114b949b76",
        "version" : "2.0.0-beta.2"
      }
    }
  ],
  "version" : 2
}
