// !$*UTF8*$!
{
	archiveVersion = 1;
	classes = {
	};
	objectVersion = 56;
	objects = {

/* Begin PBXBuildFile section */
		D94A53BC2B98AC3B002A9A85 /* TestItemUpdatesWithSectionRemovals.swift in Sources */ = {isa = PBXBuildFile; fileRef = D94A53BB2B98A914002A9A85 /* TestItemUpdatesWithSectionRemovals.swift */; };
		D94A53BF2B98C7AA002A9A85 /* TestItemUpdatesWithSectionInserts.swift in Sources */ = {isa = PBXBuildFile; fileRef = D94A53BE2B98C7AA002A9A85 /* TestItemUpdatesWithSectionInserts.swift */; };
		D94A53C12B98D255002A9A85 /* TestItemUpdatesWithSectionRemovalsAndInserts.swift in Sources */ = {isa = PBXBuildFile; fileRef = D94A53C02B98D255002A9A85 /* TestItemUpdatesWithSectionRemovalsAndInserts.swift */; };
		D9928C182B717AFC00067EA9 /* AppDelegate.swift in Sources */ = {isa = PBXBuildFile; fileRef = D9928C172B717AFC00067EA9 /* AppDelegate.swift */; };
		D9928C1A2B717AFC00067EA9 /* SceneDelegate.swift in Sources */ = {isa = PBXBuildFile; fileRef = D9928C192B717AFC00067EA9 /* SceneDelegate.swift */; };
		D9928C1C2B717AFC00067EA9 /* TestSelectionViewController.swift in Sources */ = {isa = PBXBuildFile; fileRef = D9928C1B2B717AFC00067EA9 /* TestSelectionViewController.swift */; };
		D9928C212B717AFD00067EA9 /* Assets.xcassets in Resources */ = {isa = PBXBuildFile; fileRef = D9928C202B717AFD00067EA9 /* Assets.xcassets */; };
		D9928C242B717AFD00067EA9 /* LaunchScreen.storyboard in Resources */ = {isa = PBXBuildFile; fileRef = D9928C222B717AFD00067EA9 /* LaunchScreen.storyboard */; };
		D9928C502B71810300067EA9 /* TestUpdateInsertUpdateRemoveUpdateCollectionViewController.swift in Sources */ = {isa = PBXBuildFile; fileRef = D9928C4F2B71810300067EA9 /* TestUpdateInsertUpdateRemoveUpdateCollectionViewController.swift */; };
		D9928C522B71A2E200067EA9 /* TestUpdateInsertUpdateRemoveUpdateCollectionViewControllerManual.swift in Sources */ = {isa = PBXBuildFile; fileRef = D9928C512B71A2E200067EA9 /* TestUpdateInsertUpdateRemoveUpdateCollectionViewControllerManual.swift */; };
		D9928C582B72C24800067EA9 /* Composed in Frameworks */ = {isa = PBXBuildFile; productRef = D9928C572B72C24800067EA9 /* Composed */; };
		D9928C5A2B72C24800067EA9 /* ComposedLayouts in Frameworks */ = {isa = PBXBuildFile; productRef = D9928C592B72C24800067EA9 /* ComposedLayouts */; };
		D9928C5C2B72C24800067EA9 /* ComposedUI in Frameworks */ = {isa = PBXBuildFile; productRef = D9928C5B2B72C24800067EA9 /* ComposedUI */; };
		D99E251B2B7D30570013629B /* TestRemove_RemoveLast_ReloadLast_ViewController.swift in Sources */ = {isa = PBXBuildFile; fileRef = D99E251A2B7D30570013629B /* TestRemove_RemoveLast_ReloadLast_ViewController.swift */; };
		D99E251D2B7E791F0013629B /* TestRemoveReloadHandlingOrderCollectionViewControllerManual.swift in Sources */ = {isa = PBXBuildFile; fileRef = D99E251C2B7E791F0013629B /* TestRemoveReloadHandlingOrderCollectionViewControllerManual.swift */; };
		D9AC7B262B8371D7004A607C /* TestRemoveReconfigureHandlingOrderCollectionViewControllerManual.swift in Sources */ = {isa = PBXBuildFile; fileRef = D9AC7B252B8371D7004A607C /* TestRemoveReconfigureHandlingOrderCollectionViewControllerManual.swift */; };
		D9D112902B9F1685006BA8A2 /* ComposedIntegrationTestsUITests.swift in Sources */ = {isa = PBXBuildFile; fileRef = D9928C382B717AFD00067EA9 /* ComposedIntegrationTestsUITests.swift */; };
		D9D112932B9F180E006BA8A2 /* ComposedDependant in Frameworks */ = {isa = PBXBuildFile; productRef = D9D112922B9F180E006BA8A2 /* ComposedDependant */; };
		D9D50CB52C28A0CE008DA99D /* TestReloadHeaderCompositionalLayoutDuringBatchUpdates.swift in Sources */ = {isa = PBXBuildFile; fileRef = D9D50CB42C28A0CE008DA99D /* TestReloadHeaderCompositionalLayoutDuringBatchUpdates.swift */; };
		D9D759A62B86752500E31ABF /* TestRemove_ReloadLast_ViewController.swift in Sources */ = {isa = PBXBuildFile; fileRef = D9D759A52B86752500E31ABF /* TestRemove_ReloadLast_ViewController.swift */; };
/* End PBXBuildFile section */

/* Begin PBXContainerItemProxy section */
		D99A03952B9F13550022FA1E /* PBXContainerItemProxy */ = {
			isa = PBXContainerItemProxy;
			containerPortal = D9928C0C2B717AFC00067EA9 /* Project object */;
			proxyType = 1;
			remoteGlobalIDString = D9928C132B717AFC00067EA9;
			remoteInfo = ComposedIntegrationTests;
		};
/* End PBXContainerItemProxy section */

/* Begin PBXFileReference section */
		D94A53BB2B98A914002A9A85 /* TestItemUpdatesWithSectionRemovals.swift */ = {isa = PBXFileReference; lastKnownFileType = sourcecode.swift; path = TestItemUpdatesWithSectionRemovals.swift; sourceTree = "<group>"; };
		D94A53BE2B98C7AA002A9A85 /* TestItemUpdatesWithSectionInserts.swift */ = {isa = PBXFileReference; lastKnownFileType = sourcecode.swift; path = TestItemUpdatesWithSectionInserts.swift; sourceTree = "<group>"; };
		D94A53C02B98D255002A9A85 /* TestItemUpdatesWithSectionRemovalsAndInserts.swift */ = {isa = PBXFileReference; lastKnownFileType = sourcecode.swift; path = TestItemUpdatesWithSectionRemovalsAndInserts.swift; sourceTree = "<group>"; };
		D9928C142B717AFC00067EA9 /* ComposedIntegrationTests.app */ = {isa = PBXFileReference; explicitFileType = wrapper.application; includeInIndex = 0; path = ComposedIntegrationTests.app; sourceTree = BUILT_PRODUCTS_DIR; };
		D9928C172B717AFC00067EA9 /* AppDelegate.swift */ = {isa = PBXFileReference; lastKnownFileType = sourcecode.swift; path = AppDelegate.swift; sourceTree = "<group>"; };
		D9928C192B717AFC00067EA9 /* SceneDelegate.swift */ = {isa = PBXFileReference; lastKnownFileType = sourcecode.swift; path = SceneDelegate.swift; sourceTree = "<group>"; };
		D9928C1B2B717AFC00067EA9 /* TestSelectionViewController.swift */ = {isa = PBXFileReference; lastKnownFileType = sourcecode.swift; path = TestSelectionViewController.swift; sourceTree = "<group>"; };
		D9928C202B717AFD00067EA9 /* Assets.xcassets */ = {isa = PBXFileReference; lastKnownFileType = folder.assetcatalog; path = Assets.xcassets; sourceTree = "<group>"; };
		D9928C232B717AFD00067EA9 /* Base */ = {isa = PBXFileReference; lastKnownFileType = file.storyboard; name = Base; path = Base.lproj/LaunchScreen.storyboard; sourceTree = "<group>"; };
		D9928C252B717AFD00067EA9 /* Info.plist */ = {isa = PBXFileReference; lastKnownFileType = text.plist.xml; path = Info.plist; sourceTree = "<group>"; };
		D9928C382B717AFD00067EA9 /* ComposedIntegrationTestsUITests.swift */ = {isa = PBXFileReference; lastKnownFileType = sourcecode.swift; path = ComposedIntegrationTestsUITests.swift; sourceTree = "<group>"; };
		D9928C4F2B71810300067EA9 /* TestUpdateInsertUpdateRemoveUpdateCollectionViewController.swift */ = {isa = PBXFileReference; lastKnownFileType = sourcecode.swift; path = TestUpdateInsertUpdateRemoveUpdateCollectionViewController.swift; sourceTree = "<group>"; };
		D9928C512B71A2E200067EA9 /* TestUpdateInsertUpdateRemoveUpdateCollectionViewControllerManual.swift */ = {isa = PBXFileReference; lastKnownFileType = sourcecode.swift; path = TestUpdateInsertUpdateRemoveUpdateCollectionViewControllerManual.swift; sourceTree = "<group>"; };
		D9928C542B71B27300067EA9 /* SampleCode.xcconfig */ = {isa = PBXFileReference; lastKnownFileType = text.xcconfig; path = SampleCode.xcconfig; sourceTree = "<group>"; };
		D99A038F2B9F13550022FA1E /* ComposedIntegrationTestsUITests.xctest */ = {isa = PBXFileReference; explicitFileType = wrapper.cfbundle; includeInIndex = 0; path = ComposedIntegrationTestsUITests.xctest; sourceTree = BUILT_PRODUCTS_DIR; };
		D99BA3F22B9B86B700CA5185 /* ComposedIntegrationTests.xctestplan */ = {isa = PBXFileReference; lastKnownFileType = text; name = ComposedIntegrationTests.xctestplan; path = ComposedIntegrationTests.xcodeproj/ComposedIntegrationTests.xctestplan; sourceTree = "<group>"; };
		D99E251A2B7D30570013629B /* TestRemove_RemoveLast_ReloadLast_ViewController.swift */ = {isa = PBXFileReference; lastKnownFileType = sourcecode.swift; path = TestRemove_RemoveLast_ReloadLast_ViewController.swift; sourceTree = "<group>"; };
		D99E251C2B7E791F0013629B /* TestRemoveReloadHandlingOrderCollectionViewControllerManual.swift */ = {isa = PBXFileReference; lastKnownFileType = sourcecode.swift; path = TestRemoveReloadHandlingOrderCollectionViewControllerManual.swift; sourceTree = "<group>"; };
		D9AC7B252B8371D7004A607C /* TestRemoveReconfigureHandlingOrderCollectionViewControllerManual.swift */ = {isa = PBXFileReference; lastKnownFileType = sourcecode.swift; path = TestRemoveReconfigureHandlingOrderCollectionViewControllerManual.swift; sourceTree = "<group>"; };
		D9D112912B9F1786006BA8A2 /* ComposedDependant */ = {isa = PBXFileReference; lastKnownFileType = wrapper; path = ComposedDependant; sourceTree = "<group>"; };
		D9D50CB42C28A0CE008DA99D /* TestReloadHeaderCompositionalLayoutDuringBatchUpdates.swift */ = {isa = PBXFileReference; lastKnownFileType = sourcecode.swift; path = TestReloadHeaderCompositionalLayoutDuringBatchUpdates.swift; sourceTree = "<group>"; };
		D9D759A52B86752500E31ABF /* TestRemove_ReloadLast_ViewController.swift */ = {isa = PBXFileReference; lastKnownFileType = sourcecode.swift; path = TestRemove_ReloadLast_ViewController.swift; sourceTree = "<group>"; };
/* End PBXFileReference section */

/* Begin PBXFrameworksBuildPhase section */
		D9928C112B717AFC00067EA9 /* Frameworks */ = {
			isa = PBXFrameworksBuildPhase;
			buildActionMask = 2147483647;
			files = (
				D9928C5C2B72C24800067EA9 /* ComposedUI in Frameworks */,
				D9928C5A2B72C24800067EA9 /* ComposedLayouts in Frameworks */,
				D9D112932B9F180E006BA8A2 /* ComposedDependant in Frameworks */,
				D9928C582B72C24800067EA9 /* Composed in Frameworks */,
			);
			runOnlyForDeploymentPostprocessing = 0;
		};
		D99A038C2B9F13550022FA1E /* Frameworks */ = {
			isa = PBXFrameworksBuildPhase;
			buildActionMask = 2147483647;
			files = (
			);
			runOnlyForDeploymentPostprocessing = 0;
		};
/* End PBXFrameworksBuildPhase section */

/* Begin PBXGroup section */
		D94A53BA2B98A902002A9A85 /* Item Updates */ = {
			isa = PBXGroup;
			children = (
				D94A53BE2B98C7AA002A9A85 /* TestItemUpdatesWithSectionInserts.swift */,
				D94A53C02B98D255002A9A85 /* TestItemUpdatesWithSectionRemovalsAndInserts.swift */,
				D94A53BB2B98A914002A9A85 /* TestItemUpdatesWithSectionRemovals.swift */,
			);
			path = "Item Updates";
			sourceTree = "<group>";
		};
		D9928C0B2B717AFC00067EA9 = {
			isa = PBXGroup;
			children = (
				D99BA3F22B9B86B700CA5185 /* ComposedIntegrationTests.xctestplan */,
				D9928C532B71B25E00067EA9 /* Configurations */,
				D9928C162B717AFC00067EA9 /* ComposedIntegrationTests */,
				D9928C372B717AFD00067EA9 /* ComposedIntegrationTestsUITests */,
				D9D112912B9F1786006BA8A2 /* ComposedDependant */,
				D9928C152B717AFC00067EA9 /* Products */,
				D9928C482B717C5F00067EA9 /* Frameworks */,
			);
			sourceTree = "<group>";
		};
		D9928C152B717AFC00067EA9 /* Products */ = {
			isa = PBXGroup;
			children = (
				D9928C142B717AFC00067EA9 /* ComposedIntegrationTests.app */,
				D99A038F2B9F13550022FA1E /* ComposedIntegrationTestsUITests.xctest */,
			);
			name = Products;
			sourceTree = "<group>";
		};
		D9928C162B717AFC00067EA9 /* ComposedIntegrationTests */ = {
			isa = PBXGroup;
			children = (
				D9928C172B717AFC00067EA9 /* AppDelegate.swift */,
				D9928C192B717AFC00067EA9 /* SceneDelegate.swift */,
				D9928C1B2B717AFC00067EA9 /* TestSelectionViewController.swift */,
				D9D50CB32C28A0A8008DA99D /* Compositional Layout */,
				D9D759A42B86746200E31ABF /* Reload Last Items After Deletes */,
				D94A53BA2B98A902002A9A85 /* Item Updates */,
				D9928C4F2B71810300067EA9 /* TestUpdateInsertUpdateRemoveUpdateCollectionViewController.swift */,
				D9928C512B71A2E200067EA9 /* TestUpdateInsertUpdateRemoveUpdateCollectionViewControllerManual.swift */,
				D9928C202B717AFD00067EA9 /* Assets.xcassets */,
				D9928C222B717AFD00067EA9 /* LaunchScreen.storyboard */,
				D9928C252B717AFD00067EA9 /* Info.plist */,
			);
			path = ComposedIntegrationTests;
			sourceTree = "<group>";
		};
		D9928C372B717AFD00067EA9 /* ComposedIntegrationTestsUITests */ = {
			isa = PBXGroup;
			children = (
				D9928C382B717AFD00067EA9 /* ComposedIntegrationTestsUITests.swift */,
			);
			path = ComposedIntegrationTestsUITests;
			sourceTree = "<group>";
		};
		D9928C482B717C5F00067EA9 /* Frameworks */ = {
			isa = PBXGroup;
			children = (
			);
			name = Frameworks;
			sourceTree = "<group>";
		};
		D9928C532B71B25E00067EA9 /* Configurations */ = {
			isa = PBXGroup;
			children = (
				D9928C542B71B27300067EA9 /* SampleCode.xcconfig */,
			);
			path = Configurations;
			sourceTree = "<group>";
		};
		D9D50CB32C28A0A8008DA99D /* Compositional Layout */ = {
			isa = PBXGroup;
			children = (
				D9D50CB42C28A0CE008DA99D /* TestReloadHeaderCompositionalLayoutDuringBatchUpdates.swift */,
			);
			path = "Compositional Layout";
			sourceTree = "<group>";
		};
		D9D759A42B86746200E31ABF /* Reload Last Items After Deletes */ = {
			isa = PBXGroup;
			children = (
				D99E251A2B7D30570013629B /* TestRemove_RemoveLast_ReloadLast_ViewController.swift */,
				D9D759A52B86752500E31ABF /* TestRemove_ReloadLast_ViewController.swift */,
				D99E251C2B7E791F0013629B /* TestRemoveReloadHandlingOrderCollectionViewControllerManual.swift */,
				D9AC7B252B8371D7004A607C /* TestRemoveReconfigureHandlingOrderCollectionViewControllerManual.swift */,
			);
			path = "Reload Last Items After Deletes";
			sourceTree = "<group>";
		};
/* End PBXGroup section */

/* Begin PBXNativeTarget section */
		D9928C132B717AFC00067EA9 /* ComposedIntegrationTests */ = {
			isa = PBXNativeTarget;
			buildConfigurationList = D9928C3E2B717AFD00067EA9 /* Build configuration list for PBXNativeTarget "ComposedIntegrationTests" */;
			buildPhases = (
				D9928C102B717AFC00067EA9 /* Sources */,
				D9928C112B717AFC00067EA9 /* Frameworks */,
				D9928C122B717AFC00067EA9 /* Resources */,
			);
			buildRules = (
			);
			dependencies = (
			);
			name = ComposedIntegrationTests;
			packageProductDependencies = (
				D9928C572B72C24800067EA9 /* Composed */,
				D9928C592B72C24800067EA9 /* ComposedLayouts */,
				D9928C5B2B72C24800067EA9 /* ComposedUI */,
				D9D112922B9F180E006BA8A2 /* ComposedDependant */,
			);
			productName = ComposedIntegrationTests;
			productReference = D9928C142B717AFC00067EA9 /* ComposedIntegrationTests.app */;
			productType = "com.apple.product-type.application";
		};
		D99A038E2B9F13550022FA1E /* ComposedIntegrationTestsUITests */ = {
			isa = PBXNativeTarget;
			buildConfigurationList = D99A03972B9F13550022FA1E /* Build configuration list for PBXNativeTarget "ComposedIntegrationTestsUITests" */;
			buildPhases = (
				D99A038B2B9F13550022FA1E /* Sources */,
				D99A038C2B9F13550022FA1E /* Frameworks */,
				D99A038D2B9F13550022FA1E /* Resources */,
			);
			buildRules = (
			);
			dependencies = (
				D99A03962B9F13550022FA1E /* PBXTargetDependency */,
			);
			name = ComposedIntegrationTestsUITests;
			productName = ComposedIntegrationTestsUITests;
			productReference = D99A038F2B9F13550022FA1E /* ComposedIntegrationTestsUITests.xctest */;
			productType = "com.apple.product-type.bundle.ui-testing";
		};
/* End PBXNativeTarget section */

/* Begin PBXProject section */
		D9928C0C2B717AFC00067EA9 /* Project object */ = {
			isa = PBXProject;
			attributes = {
				BuildIndependentTargetsInParallel = 1;
				LastSwiftUpdateCheck = 1520;
				LastUpgradeCheck = 1420;
				TargetAttributes = {
					D9928C132B717AFC00067EA9 = {
						CreatedOnToolsVersion = 14.2;
					};
					D99A038E2B9F13550022FA1E = {
						CreatedOnToolsVersion = 15.2;
						TestTargetID = D9928C132B717AFC00067EA9;
					};
				};
			};
			buildConfigurationList = D9928C0F2B717AFC00067EA9 /* Build configuration list for PBXProject "ComposedIntegrationTests" */;
			compatibilityVersion = "Xcode 14.0";
			developmentRegion = en;
			hasScannedForEncodings = 0;
			knownRegions = (
				en,
				Base,
			);
			mainGroup = D9928C0B2B717AFC00067EA9;
			packageReferences = (
				D9928C562B72C24800067EA9 /* XCRemoteSwiftPackageReference "Composed" */,
			);
			productRefGroup = D9928C152B717AFC00067EA9 /* Products */;
			projectDirPath = "";
			projectRoot = "";
			targets = (
				D9928C132B717AFC00067EA9 /* ComposedIntegrationTests */,
				D99A038E2B9F13550022FA1E /* ComposedIntegrationTestsUITests */,
			);
		};
/* End PBXProject section */

/* Begin PBXResourcesBuildPhase section */
		D9928C122B717AFC00067EA9 /* Resources */ = {
			isa = PBXResourcesBuildPhase;
			buildActionMask = 2147483647;
			files = (
				D9928C242B717AFD00067EA9 /* LaunchScreen.storyboard in Resources */,
				D9928C212B717AFD00067EA9 /* Assets.xcassets in Resources */,
			);
			runOnlyForDeploymentPostprocessing = 0;
		};
		D99A038D2B9F13550022FA1E /* Resources */ = {
			isa = PBXResourcesBuildPhase;
			buildActionMask = 2147483647;
			files = (
			);
			runOnlyForDeploymentPostprocessing = 0;
		};
/* End PBXResourcesBuildPhase section */

/* Begin PBXSourcesBuildPhase section */
		D9928C102B717AFC00067EA9 /* Sources */ = {
			isa = PBXSourcesBuildPhase;
			buildActionMask = 2147483647;
			files = (
				D9D759A62B86752500E31ABF /* TestRemove_ReloadLast_ViewController.swift in Sources */,
				D9AC7B262B8371D7004A607C /* TestRemoveReconfigureHandlingOrderCollectionViewControllerManual.swift in Sources */,
				D9D50CB52C28A0CE008DA99D /* TestReloadHeaderCompositionalLayoutDuringBatchUpdates.swift in Sources */,
				D9928C522B71A2E200067EA9 /* TestUpdateInsertUpdateRemoveUpdateCollectionViewControllerManual.swift in Sources */,
				D94A53BC2B98AC3B002A9A85 /* TestItemUpdatesWithSectionRemovals.swift in Sources */,
				D94A53BF2B98C7AA002A9A85 /* TestItemUpdatesWithSectionInserts.swift in Sources */,
				D9928C1C2B717AFC00067EA9 /* TestSelectionViewController.swift in Sources */,
				D99E251D2B7E791F0013629B /* TestRemoveReloadHandlingOrderCollectionViewControllerManual.swift in Sources */,
				D9928C182B717AFC00067EA9 /* AppDelegate.swift in Sources */,
				D9928C502B71810300067EA9 /* TestUpdateInsertUpdateRemoveUpdateCollectionViewController.swift in Sources */,
				D9928C1A2B717AFC00067EA9 /* SceneDelegate.swift in Sources */,
				D94A53C12B98D255002A9A85 /* TestItemUpdatesWithSectionRemovalsAndInserts.swift in Sources */,
				D99E251B2B7D30570013629B /* TestRemove_RemoveLast_ReloadLast_ViewController.swift in Sources */,
			);
			runOnlyForDeploymentPostprocessing = 0;
		};
		D99A038B2B9F13550022FA1E /* Sources */ = {
			isa = PBXSourcesBuildPhase;
			buildActionMask = 2147483647;
			files = (
				D9D112902B9F1685006BA8A2 /* ComposedIntegrationTestsUITests.swift in Sources */,
			);
			runOnlyForDeploymentPostprocessing = 0;
		};
/* End PBXSourcesBuildPhase section */

/* Begin PBXTargetDependency section */
		D99A03962B9F13550022FA1E /* PBXTargetDependency */ = {
			isa = PBXTargetDependency;
			target = D9928C132B717AFC00067EA9 /* ComposedIntegrationTests */;
			targetProxy = D99A03952B9F13550022FA1E /* PBXContainerItemProxy */;
		};
/* End PBXTargetDependency section */

/* Begin PBXVariantGroup section */
		D9928C222B717AFD00067EA9 /* LaunchScreen.storyboard */ = {
			isa = PBXVariantGroup;
			children = (
				D9928C232B717AFD00067EA9 /* Base */,
			);
			name = LaunchScreen.storyboard;
			sourceTree = "<group>";
		};
/* End PBXVariantGroup section */

/* Begin XCBuildConfiguration section */
		D9928C3C2B717AFD00067EA9 /* Debug */ = {
			isa = XCBuildConfiguration;
			buildSettings = {
				ALWAYS_SEARCH_USER_PATHS = NO;
				CLANG_ANALYZER_NONNULL = YES;
				CLANG_ANALYZER_NUMBER_OBJECT_CONVERSION = YES_AGGRESSIVE;
				CLANG_CXX_LANGUAGE_STANDARD = "gnu++20";
				CLANG_ENABLE_MODULES = YES;
				CLANG_ENABLE_OBJC_ARC = YES;
				CLANG_ENABLE_OBJC_WEAK = YES;
				CLANG_WARN_BLOCK_CAPTURE_AUTORELEASING = YES;
				CLANG_WARN_BOOL_CONVERSION = YES;
				CLANG_WARN_COMMA = YES;
				CLANG_WARN_CONSTANT_CONVERSION = YES;
				CLANG_WARN_DEPRECATED_OBJC_IMPLEMENTATIONS = YES;
				CLANG_WARN_DIRECT_OBJC_ISA_USAGE = YES_ERROR;
				CLANG_WARN_DOCUMENTATION_COMMENTS = YES;
				CLANG_WARN_EMPTY_BODY = YES;
				CLANG_WARN_ENUM_CONVERSION = YES;
				CLANG_WARN_INFINITE_RECURSION = YES;
				CLANG_WARN_INT_CONVERSION = YES;
				CLANG_WARN_NON_LITERAL_NULL_CONVERSION = YES;
				CLANG_WARN_OBJC_IMPLICIT_RETAIN_SELF = YES;
				CLANG_WARN_OBJC_LITERAL_CONVERSION = YES;
				CLANG_WARN_OBJC_ROOT_CLASS = YES_ERROR;
				CLANG_WARN_QUOTED_INCLUDE_IN_FRAMEWORK_HEADER = YES;
				CLANG_WARN_RANGE_LOOP_ANALYSIS = YES;
				CLANG_WARN_STRICT_PROTOTYPES = YES;
				CLANG_WARN_SUSPICIOUS_MOVE = YES;
				CLANG_WARN_UNGUARDED_AVAILABILITY = YES_AGGRESSIVE;
				CLANG_WARN_UNREACHABLE_CODE = YES;
				CLANG_WARN__DUPLICATE_METHOD_MATCH = YES;
				COPY_PHASE_STRIP = NO;
				DEBUG_INFORMATION_FORMAT = dwarf;
				DEVELOPMENT_TEAM = T2ABQ5MBH8;
				ENABLE_STRICT_OBJC_MSGSEND = YES;
				ENABLE_TESTABILITY = YES;
				GCC_C_LANGUAGE_STANDARD = gnu11;
				GCC_DYNAMIC_NO_PIC = NO;
				GCC_NO_COMMON_BLOCKS = YES;
				GCC_OPTIMIZATION_LEVEL = 0;
				GCC_PREPROCESSOR_DEFINITIONS = (
					"DEBUG=1",
					"$(inherited)",
				);
				GCC_WARN_64_TO_32_BIT_CONVERSION = YES;
				GCC_WARN_ABOUT_RETURN_TYPE = YES_ERROR;
				GCC_WARN_UNDECLARED_SELECTOR = YES;
				GCC_WARN_UNINITIALIZED_AUTOS = YES_AGGRESSIVE;
				GCC_WARN_UNUSED_FUNCTION = YES;
				GCC_WARN_UNUSED_VARIABLE = YES;
				IPHONEOS_DEPLOYMENT_TARGET = 13.0;
				MTL_ENABLE_DEBUG_INFO = INCLUDE_SOURCE;
				MTL_FAST_MATH = YES;
				ONLY_ACTIVE_ARCH = YES;
				PRODUCT_BUNDLE_IDENTIFIER = "com.sportybet.${PRODUCT_NAME}${SAMPLE_CODE_DISAMBIGUATOR}";
				SDKROOT = iphoneos;
				SWIFT_ACTIVE_COMPILATION_CONDITIONS = DEBUG;
				SWIFT_OPTIMIZATION_LEVEL = "-Onone";
			};
			name = Debug;
		};
		D9928C3D2B717AFD00067EA9 /* Release */ = {
			isa = XCBuildConfiguration;
			buildSettings = {
				ALWAYS_SEARCH_USER_PATHS = NO;
				CLANG_ANALYZER_NONNULL = YES;
				CLANG_ANALYZER_NUMBER_OBJECT_CONVERSION = YES_AGGRESSIVE;
				CLANG_CXX_LANGUAGE_STANDARD = "gnu++20";
				CLANG_ENABLE_MODULES = YES;
				CLANG_ENABLE_OBJC_ARC = YES;
				CLANG_ENABLE_OBJC_WEAK = YES;
				CLANG_WARN_BLOCK_CAPTURE_AUTORELEASING = YES;
				CLANG_WARN_BOOL_CONVERSION = YES;
				CLANG_WARN_COMMA = YES;
				CLANG_WARN_CONSTANT_CONVERSION = YES;
				CLANG_WARN_DEPRECATED_OBJC_IMPLEMENTATIONS = YES;
				CLANG_WARN_DIRECT_OBJC_ISA_USAGE = YES_ERROR;
				CLANG_WARN_DOCUMENTATION_COMMENTS = YES;
				CLANG_WARN_EMPTY_BODY = YES;
				CLANG_WARN_ENUM_CONVERSION = YES;
				CLANG_WARN_INFINITE_RECURSION = YES;
				CLANG_WARN_INT_CONVERSION = YES;
				CLANG_WARN_NON_LITERAL_NULL_CONVERSION = YES;
				CLANG_WARN_OBJC_IMPLICIT_RETAIN_SELF = YES;
				CLANG_WARN_OBJC_LITERAL_CONVERSION = YES;
				CLANG_WARN_OBJC_ROOT_CLASS = YES_ERROR;
				CLANG_WARN_QUOTED_INCLUDE_IN_FRAMEWORK_HEADER = YES;
				CLANG_WARN_RANGE_LOOP_ANALYSIS = YES;
				CLANG_WARN_STRICT_PROTOTYPES = YES;
				CLANG_WARN_SUSPICIOUS_MOVE = YES;
				CLANG_WARN_UNGUARDED_AVAILABILITY = YES_AGGRESSIVE;
				CLANG_WARN_UNREACHABLE_CODE = YES;
				CLANG_WARN__DUPLICATE_METHOD_MATCH = YES;
				COPY_PHASE_STRIP = NO;
				DEBUG_INFORMATION_FORMAT = "dwarf-with-dsym";
				DEVELOPMENT_TEAM = T2ABQ5MBH8;
				ENABLE_NS_ASSERTIONS = NO;
				ENABLE_STRICT_OBJC_MSGSEND = YES;
				GCC_C_LANGUAGE_STANDARD = gnu11;
				GCC_NO_COMMON_BLOCKS = YES;
				GCC_WARN_64_TO_32_BIT_CONVERSION = YES;
				GCC_WARN_ABOUT_RETURN_TYPE = YES_ERROR;
				GCC_WARN_UNDECLARED_SELECTOR = YES;
				GCC_WARN_UNINITIALIZED_AUTOS = YES_AGGRESSIVE;
				GCC_WARN_UNUSED_FUNCTION = YES;
				GCC_WARN_UNUSED_VARIABLE = YES;
				IPHONEOS_DEPLOYMENT_TARGET = 13.0;
				MTL_ENABLE_DEBUG_INFO = NO;
				MTL_FAST_MATH = YES;
				PRODUCT_BUNDLE_IDENTIFIER = "com.sportybet.${PRODUCT_NAME}${SAMPLE_CODE_DISAMBIGUATOR}";
				SDKROOT = iphoneos;
				SWIFT_COMPILATION_MODE = wholemodule;
				SWIFT_OPTIMIZATION_LEVEL = "-O";
				VALIDATE_PRODUCT = YES;
			};
			name = Release;
		};
		D9928C3F2B717AFD00067EA9 /* Debug */ = {
			isa = XCBuildConfiguration;
			buildSettings = {
				ASSETCATALOG_COMPILER_APPICON_NAME = AppIcon;
				ASSETCATALOG_COMPILER_GLOBAL_ACCENT_COLOR_NAME = AccentColor;
				CODE_SIGN_STYLE = Automatic;
				CURRENT_PROJECT_VERSION = 1;
				GENERATE_INFOPLIST_FILE = YES;
				INFOPLIST_FILE = ComposedIntegrationTests/Info.plist;
				INFOPLIST_KEY_UIApplicationSupportsIndirectInputEvents = YES;
				INFOPLIST_KEY_UILaunchStoryboardName = LaunchScreen;
				INFOPLIST_KEY_UISupportedInterfaceOrientations_iPad = "UIInterfaceOrientationPortrait UIInterfaceOrientationPortraitUpsideDown UIInterfaceOrientationLandscapeLeft UIInterfaceOrientationLandscapeRight";
				INFOPLIST_KEY_UISupportedInterfaceOrientations_iPhone = "UIInterfaceOrientationPortrait UIInterfaceOrientationLandscapeLeft UIInterfaceOrientationLandscapeRight";
				LD_RUNPATH_SEARCH_PATHS = (
					"$(inherited)",
					"@executable_path/Frameworks",
				);
				MARKETING_VERSION = 1.0;
				PRODUCT_NAME = "$(TARGET_NAME)";
				SUPPORTED_PLATFORMS = "iphoneos iphonesimulator";
				SUPPORTS_MACCATALYST = NO;
				SUPPORTS_MAC_DESIGNED_FOR_IPHONE_IPAD = NO;
				SWIFT_EMIT_LOC_STRINGS = YES;
				SWIFT_VERSION = 5.0;
				TARGETED_DEVICE_FAMILY = "1,2";
			};
			name = Debug;
		};
		D9928C402B717AFD00067EA9 /* Release */ = {
			isa = XCBuildConfiguration;
			buildSettings = {
				ASSETCATALOG_COMPILER_APPICON_NAME = AppIcon;
				ASSETCATALOG_COMPILER_GLOBAL_ACCENT_COLOR_NAME = AccentColor;
				CODE_SIGN_STYLE = Automatic;
				CURRENT_PROJECT_VERSION = 1;
				GENERATE_INFOPLIST_FILE = YES;
				INFOPLIST_FILE = ComposedIntegrationTests/Info.plist;
				INFOPLIST_KEY_UIApplicationSupportsIndirectInputEvents = YES;
				INFOPLIST_KEY_UILaunchStoryboardName = LaunchScreen;
				INFOPLIST_KEY_UISupportedInterfaceOrientations_iPad = "UIInterfaceOrientationPortrait UIInterfaceOrientationPortraitUpsideDown UIInterfaceOrientationLandscapeLeft UIInterfaceOrientationLandscapeRight";
				INFOPLIST_KEY_UISupportedInterfaceOrientations_iPhone = "UIInterfaceOrientationPortrait UIInterfaceOrientationLandscapeLeft UIInterfaceOrientationLandscapeRight";
				LD_RUNPATH_SEARCH_PATHS = (
					"$(inherited)",
					"@executable_path/Frameworks",
				);
				MARKETING_VERSION = 1.0;
				PRODUCT_NAME = "$(TARGET_NAME)";
				SUPPORTED_PLATFORMS = "iphoneos iphonesimulator";
				SUPPORTS_MACCATALYST = NO;
				SUPPORTS_MAC_DESIGNED_FOR_IPHONE_IPAD = NO;
				SWIFT_EMIT_LOC_STRINGS = YES;
				SWIFT_VERSION = 5.0;
				TARGETED_DEVICE_FAMILY = "1,2";
			};
			name = Release;
		};
		D99A03982B9F13550022FA1E /* Debug */ = {
			isa = XCBuildConfiguration;
			buildSettings = {
				ASSETCATALOG_COMPILER_GENERATE_SWIFT_ASSET_SYMBOL_EXTENSIONS = YES;
				CODE_SIGN_STYLE = Automatic;
				CURRENT_PROJECT_VERSION = 1;
				DEVELOPMENT_TEAM = T2ABQ5MBH8;
				ENABLE_USER_SCRIPT_SANDBOXING = YES;
				GCC_C_LANGUAGE_STANDARD = gnu17;
				GENERATE_INFOPLIST_FILE = YES;
				LOCALIZATION_PREFERS_STRING_CATALOGS = YES;
				MARKETING_VERSION = 1.0;
				PRODUCT_BUNDLE_IDENTIFIER = com.sportybet.ComposedIntegrationTestsUITests;
				PRODUCT_NAME = "$(TARGET_NAME)";
				SWIFT_ACTIVE_COMPILATION_CONDITIONS = "DEBUG $(inherited)";
				SWIFT_EMIT_LOC_STRINGS = NO;
				SWIFT_VERSION = 5.0;
				TARGETED_DEVICE_FAMILY = "1,2";
				TEST_TARGET_NAME = ComposedIntegrationTests;
			};
			name = Debug;
		};
		D99A03992B9F13550022FA1E /* Release */ = {
			isa = XCBuildConfiguration;
			buildSettings = {
				ASSETCATALOG_COMPILER_GENERATE_SWIFT_ASSET_SYMBOL_EXTENSIONS = YES;
				CODE_SIGN_STYLE = Automatic;
				CURRENT_PROJECT_VERSION = 1;
				DEVELOPMENT_TEAM = T2ABQ5MBH8;
				ENABLE_USER_SCRIPT_SANDBOXING = YES;
				GCC_C_LANGUAGE_STANDARD = gnu17;
				GENERATE_INFOPLIST_FILE = YES;
				LOCALIZATION_PREFERS_STRING_CATALOGS = YES;
				MARKETING_VERSION = 1.0;
				PRODUCT_BUNDLE_IDENTIFIER = com.sportybet.ComposedIntegrationTestsUITests;
				PRODUCT_NAME = "$(TARGET_NAME)";
				SWIFT_EMIT_LOC_STRINGS = NO;
				SWIFT_VERSION = 5.0;
				TARGETED_DEVICE_FAMILY = "1,2";
				TEST_TARGET_NAME = ComposedIntegrationTests;
			};
			name = Release;
		};
/* End XCBuildConfiguration section */

/* Begin XCConfigurationList section */
		D9928C0F2B717AFC00067EA9 /* Build configuration list for PBXProject "ComposedIntegrationTests" */ = {
			isa = XCConfigurationList;
			buildConfigurations = (
				D9928C3C2B717AFD00067EA9 /* Debug */,
				D9928C3D2B717AFD00067EA9 /* Release */,
			);
			defaultConfigurationIsVisible = 0;
			defaultConfigurationName = Release;
		};
		D9928C3E2B717AFD00067EA9 /* Build configuration list for PBXNativeTarget "ComposedIntegrationTests" */ = {
			isa = XCConfigurationList;
			buildConfigurations = (
				D9928C3F2B717AFD00067EA9 /* Debug */,
				D9928C402B717AFD00067EA9 /* Release */,
			);
			defaultConfigurationIsVisible = 0;
			defaultConfigurationName = Release;
		};
		D99A03972B9F13550022FA1E /* Build configuration list for PBXNativeTarget "ComposedIntegrationTestsUITests" */ = {
			isa = XCConfigurationList;
			buildConfigurations = (
				D99A03982B9F13550022FA1E /* Debug */,
				D99A03992B9F13550022FA1E /* Release */,
			);
			defaultConfigurationIsVisible = 0;
			defaultConfigurationName = Release;
		};
/* End XCConfigurationList section */

/* Begin XCRemoteSwiftPackageReference section */
		D9928C562B72C24800067EA9 /* XCRemoteSwiftPackageReference "Composed" */ = {
			isa = XCRemoteSwiftPackageReference;
			repositoryURL = "https://github.com/opennetltd/Composed.git";
			requirement = {
				kind = upToNextMajorVersion;
				minimumVersion = "2.0.0-beta.1";
			};
		};
/* End XCRemoteSwiftPackageReference section */

/* Begin XCSwiftPackageProductDependency section */
		D9928C572B72C24800067EA9 /* Composed */ = {
			isa = XCSwiftPackageProductDependency;
			package = D9928C562B72C24800067EA9 /* XCRemoteSwiftPackageReference "Composed" */;
			productName = Composed;
		};
		D9928C592B72C24800067EA9 /* ComposedLayouts */ = {
			isa = XCSwiftPackageProductDependency;
			package = D9928C562B72C24800067EA9 /* XCRemoteSwiftPackageReference "Composed" */;
			productName = ComposedLayouts;
		};
		D9928C5B2B72C24800067EA9 /* ComposedUI */ = {
			isa = XCSwiftPackageProductDependency;
			package = D9928C562B72C24800067EA9 /* XCRemoteSwiftPackageReference "Composed" */;
			productName = ComposedUI;
		};
		D9D112922B9F180E006BA8A2 /* ComposedDependant */ = {
			isa = XCSwiftPackageProductDependency;
			productName = ComposedDependant;
		};
/* End XCSwiftPackageProductDependency section */
	};
	rootObject = D9928C0C2B717AFC00067EA9 /* Project object */;
}
