// !$*UTF8*$!
{
	archiveVersion = 1;
	classes = {
	};
	objectVersion = 56;
	objects = {

/* Begin PBXBuildFile section */
		D9928C182B717AFC00067EA9 /* AppDelegate.swift in Sources */ = {isa = PBXBuildFile; fileRef = D9928C172B717AFC00067EA9 /* AppDelegate.swift */; };
		D9928C1A2B717AFC00067EA9 /* SceneDelegate.swift in Sources */ = {isa = PBXBuildFile; fileRef = D9928C192B717AFC00067EA9 /* SceneDelegate.swift */; };
		D9928C1C2B717AFC00067EA9 /* TestSelectionViewController.swift in Sources */ = {isa = PBXBuildFile; fileRef = D9928C1B2B717AFC00067EA9 /* TestSelectionViewController.swift */; };
		D9928C212B717AFD00067EA9 /* Assets.xcassets in Resources */ = {isa = PBXBuildFile; fileRef = D9928C202B717AFD00067EA9 /* Assets.xcassets */; };
		D9928C242B717AFD00067EA9 /* LaunchScreen.storyboard in Resources */ = {isa = PBXBuildFile; fileRef = D9928C222B717AFD00067EA9 /* LaunchScreen.storyboard */; };
		D9928C392B717AFD00067EA9 /* ComposedUITestsUITests.swift in Sources */ = {isa = PBXBuildFile; fileRef = D9928C382B717AFD00067EA9 /* ComposedUITestsUITests.swift */; };
		D9928C4A2B717C5F00067EA9 /* Composed in Frameworks */ = {isa = PBXBuildFile; productRef = D9928C492B717C5F00067EA9 /* Composed */; };
		D9928C4C2B717C5F00067EA9 /* ComposedLayouts in Frameworks */ = {isa = PBXBuildFile; productRef = D9928C4B2B717C5F00067EA9 /* ComposedLayouts */; };
		D9928C4E2B717C5F00067EA9 /* ComposedUI in Frameworks */ = {isa = PBXBuildFile; productRef = D9928C4D2B717C5F00067EA9 /* ComposedUI */; };
		D9928C502B71810300067EA9 /* TestUpdateInsertUpdateRemoveUpdateCollectionViewController.swift in Sources */ = {isa = PBXBuildFile; fileRef = D9928C4F2B71810300067EA9 /* TestUpdateInsertUpdateRemoveUpdateCollectionViewController.swift */; };
		D9928C522B71A2E200067EA9 /* TestUpdateInsertUpdateRemoveUpdateCollectionViewControllerManual.swift in Sources */ = {isa = PBXBuildFile; fileRef = D9928C512B71A2E200067EA9 /* TestUpdateInsertUpdateRemoveUpdateCollectionViewControllerManual.swift */; };
/* End PBXBuildFile section */

/* Begin PBXContainerItemProxy section */
		D9928C352B717AFD00067EA9 /* PBXContainerItemProxy */ = {
			isa = PBXContainerItemProxy;
			containerPortal = D9928C0C2B717AFC00067EA9 /* Project object */;
			proxyType = 1;
			remoteGlobalIDString = D9928C132B717AFC00067EA9;
			remoteInfo = ComposedUITests;
		};
/* End PBXContainerItemProxy section */

/* Begin PBXFileReference section */
		D9928C142B717AFC00067EA9 /* ComposedUITests.app */ = {isa = PBXFileReference; explicitFileType = wrapper.application; includeInIndex = 0; path = ComposedUITests.app; sourceTree = BUILT_PRODUCTS_DIR; };
		D9928C172B717AFC00067EA9 /* AppDelegate.swift */ = {isa = PBXFileReference; lastKnownFileType = sourcecode.swift; path = AppDelegate.swift; sourceTree = "<group>"; };
		D9928C192B717AFC00067EA9 /* SceneDelegate.swift */ = {isa = PBXFileReference; lastKnownFileType = sourcecode.swift; path = SceneDelegate.swift; sourceTree = "<group>"; };
		D9928C1B2B717AFC00067EA9 /* TestSelectionViewController.swift */ = {isa = PBXFileReference; lastKnownFileType = sourcecode.swift; path = TestSelectionViewController.swift; sourceTree = "<group>"; };
		D9928C202B717AFD00067EA9 /* Assets.xcassets */ = {isa = PBXFileReference; lastKnownFileType = folder.assetcatalog; path = Assets.xcassets; sourceTree = "<group>"; };
		D9928C232B717AFD00067EA9 /* Base */ = {isa = PBXFileReference; lastKnownFileType = file.storyboard; name = Base; path = Base.lproj/LaunchScreen.storyboard; sourceTree = "<group>"; };
		D9928C252B717AFD00067EA9 /* Info.plist */ = {isa = PBXFileReference; lastKnownFileType = text.plist.xml; path = Info.plist; sourceTree = "<group>"; };
		D9928C342B717AFD00067EA9 /* ComposedUITestsUITests.xctest */ = {isa = PBXFileReference; explicitFileType = wrapper.cfbundle; includeInIndex = 0; path = ComposedUITestsUITests.xctest; sourceTree = BUILT_PRODUCTS_DIR; };
		D9928C382B717AFD00067EA9 /* ComposedUITestsUITests.swift */ = {isa = PBXFileReference; lastKnownFileType = sourcecode.swift; path = ComposedUITestsUITests.swift; sourceTree = "<group>"; };
		D9928C472B717B8100067EA9 /* Composed */ = {isa = PBXFileReference; lastKnownFileType = wrapper; name = Composed; path = ../Composed; sourceTree = "<group>"; };
		D9928C4F2B71810300067EA9 /* TestUpdateInsertUpdateRemoveUpdateCollectionViewController.swift */ = {isa = PBXFileReference; lastKnownFileType = sourcecode.swift; path = TestUpdateInsertUpdateRemoveUpdateCollectionViewController.swift; sourceTree = "<group>"; };
		D9928C512B71A2E200067EA9 /* TestUpdateInsertUpdateRemoveUpdateCollectionViewControllerManual.swift */ = {isa = PBXFileReference; lastKnownFileType = sourcecode.swift; path = TestUpdateInsertUpdateRemoveUpdateCollectionViewControllerManual.swift; sourceTree = "<group>"; };
		D9928C542B71B27300067EA9 /* SampleCode.xcconfig */ = {isa = PBXFileReference; lastKnownFileType = text.xcconfig; path = SampleCode.xcconfig; sourceTree = "<group>"; };
/* End PBXFileReference section */

/* Begin PBXFrameworksBuildPhase section */
		D9928C112B717AFC00067EA9 /* Frameworks */ = {
			isa = PBXFrameworksBuildPhase;
			buildActionMask = 2147483647;
			files = (
				D9928C4E2B717C5F00067EA9 /* ComposedUI in Frameworks */,
				D9928C4C2B717C5F00067EA9 /* ComposedLayouts in Frameworks */,
				D9928C4A2B717C5F00067EA9 /* Composed in Frameworks */,
			);
			runOnlyForDeploymentPostprocessing = 0;
		};
		D9928C312B717AFD00067EA9 /* Frameworks */ = {
			isa = PBXFrameworksBuildPhase;
			buildActionMask = 2147483647;
			files = (
			);
			runOnlyForDeploymentPostprocessing = 0;
		};
/* End PBXFrameworksBuildPhase section */

/* Begin PBXGroup section */
		D9928C0B2B717AFC00067EA9 = {
			isa = PBXGroup;
			children = (
				D9928C472B717B8100067EA9 /* Composed */,
				D9928C532B71B25E00067EA9 /* Configurations */,
				D9928C162B717AFC00067EA9 /* ComposedUITests */,
				D9928C372B717AFD00067EA9 /* ComposedUITestsUITests */,
				D9928C152B717AFC00067EA9 /* Products */,
				D9928C482B717C5F00067EA9 /* Frameworks */,
			);
			sourceTree = "<group>";
		};
		D9928C152B717AFC00067EA9 /* Products */ = {
			isa = PBXGroup;
			children = (
				D9928C142B717AFC00067EA9 /* ComposedUITests.app */,
				D9928C342B717AFD00067EA9 /* ComposedUITestsUITests.xctest */,
			);
			name = Products;
			sourceTree = "<group>";
		};
		D9928C162B717AFC00067EA9 /* ComposedUITests */ = {
			isa = PBXGroup;
			children = (
				D9928C172B717AFC00067EA9 /* AppDelegate.swift */,
				D9928C192B717AFC00067EA9 /* SceneDelegate.swift */,
				D9928C1B2B717AFC00067EA9 /* TestSelectionViewController.swift */,
				D9928C4F2B71810300067EA9 /* TestUpdateInsertUpdateRemoveUpdateCollectionViewController.swift */,
				D9928C512B71A2E200067EA9 /* TestUpdateInsertUpdateRemoveUpdateCollectionViewControllerManual.swift */,
				D9928C202B717AFD00067EA9 /* Assets.xcassets */,
				D9928C222B717AFD00067EA9 /* LaunchScreen.storyboard */,
				D9928C252B717AFD00067EA9 /* Info.plist */,
			);
			path = ComposedUITests;
			sourceTree = "<group>";
		};
		D9928C372B717AFD00067EA9 /* ComposedUITestsUITests */ = {
			isa = PBXGroup;
			children = (
				D9928C382B717AFD00067EA9 /* ComposedUITestsUITests.swift */,
			);
			path = ComposedUITestsUITests;
			sourceTree = "<group>";
		};
		D9928C482B717C5F00067EA9 /* Frameworks */ = {
			isa = PBXGroup;
			children = (
			);
			name = Frameworks;
			sourceTree = "<group>";
		};
		D9928C532B71B25E00067EA9 /* Configurations */ = {
			isa = PBXGroup;
			children = (
				D9928C542B71B27300067EA9 /* SampleCode.xcconfig */,
			);
			path = Configurations;
			sourceTree = "<group>";
		};
/* End PBXGroup section */

/* Begin PBXNativeTarget section */
		D9928C132B717AFC00067EA9 /* ComposedUITests */ = {
			isa = PBXNativeTarget;
			buildConfigurationList = D9928C3E2B717AFD00067EA9 /* Build configuration list for PBXNativeTarget "ComposedUITests" */;
			buildPhases = (
				D9928C102B717AFC00067EA9 /* Sources */,
				D9928C112B717AFC00067EA9 /* Frameworks */,
				D9928C122B717AFC00067EA9 /* Resources */,
			);
			buildRules = (
			);
			dependencies = (
			);
			name = ComposedUITests;
			packageProductDependencies = (
				D9928C492B717C5F00067EA9 /* Composed */,
				D9928C4B2B717C5F00067EA9 /* ComposedLayouts */,
				D9928C4D2B717C5F00067EA9 /* ComposedUI */,
			);
			productName = ComposedUITests;
			productReference = D9928C142B717AFC00067EA9 /* ComposedUITests.app */;
			productType = "com.apple.product-type.application";
		};
		D9928C332B717AFD00067EA9 /* ComposedUITestsUITests */ = {
			isa = PBXNativeTarget;
			buildConfigurationList = D9928C442B717AFD00067EA9 /* Build configuration list for PBXNativeTarget "ComposedUITestsUITests" */;
			buildPhases = (
				D9928C302B717AFD00067EA9 /* Sources */,
				D9928C312B717AFD00067EA9 /* Frameworks */,
				D9928C322B717AFD00067EA9 /* Resources */,
			);
			buildRules = (
			);
			dependencies = (
				D9928C362B717AFD00067EA9 /* PBXTargetDependency */,
			);
			name = ComposedUITestsUITests;
			productName = ComposedUITestsUITests;
			productReference = D9928C342B717AFD00067EA9 /* ComposedUITestsUITests.xctest */;
			productType = "com.apple.product-type.bundle.ui-testing";
		};
/* End PBXNativeTarget section */

/* Begin PBXProject section */
		D9928C0C2B717AFC00067EA9 /* Project object */ = {
			isa = PBXProject;
			attributes = {
				BuildIndependentTargetsInParallel = 1;
				LastSwiftUpdateCheck = 1420;
				LastUpgradeCheck = 1420;
				TargetAttributes = {
					D9928C132B717AFC00067EA9 = {
						CreatedOnToolsVersion = 14.2;
					};
					D9928C332B717AFD00067EA9 = {
						CreatedOnToolsVersion = 14.2;
						TestTargetID = D9928C132B717AFC00067EA9;
					};
				};
			};
			buildConfigurationList = D9928C0F2B717AFC00067EA9 /* Build configuration list for PBXProject "ComposedUITests" */;
			compatibilityVersion = "Xcode 14.0";
			developmentRegion = en;
			hasScannedForEncodings = 0;
			knownRegions = (
				en,
				Base,
			);
			mainGroup = D9928C0B2B717AFC00067EA9;
			productRefGroup = D9928C152B717AFC00067EA9 /* Products */;
			projectDirPath = "";
			projectRoot = "";
			targets = (
				D9928C132B717AFC00067EA9 /* ComposedUITests */,
				D9928C332B717AFD00067EA9 /* ComposedUITestsUITests */,
			);
		};
/* End PBXProject section */

/* Begin PBXResourcesBuildPhase section */
		D9928C122B717AFC00067EA9 /* Resources */ = {
			isa = PBXResourcesBuildPhase;
			buildActionMask = 2147483647;
			files = (
				D9928C242B717AFD00067EA9 /* LaunchScreen.storyboard in Resources */,
				D9928C212B717AFD00067EA9 /* Assets.xcassets in Resources */,
			);
			runOnlyForDeploymentPostprocessing = 0;
		};
		D9928C322B717AFD00067EA9 /* Resources */ = {
			isa = PBXResourcesBuildPhase;
			buildActionMask = 2147483647;
			files = (
			);
			runOnlyForDeploymentPostprocessing = 0;
		};
/* End PBXResourcesBuildPhase section */

/* Begin PBXSourcesBuildPhase section */
		D9928C102B717AFC00067EA9 /* Sources */ = {
			isa = PBXSourcesBuildPhase;
			buildActionMask = 2147483647;
			files = (
				D9928C522B71A2E200067EA9 /* TestUpdateInsertUpdateRemoveUpdateCollectionViewControllerManual.swift in Sources */,
				D9928C1C2B717AFC00067EA9 /* TestSelectionViewController.swift in Sources */,
				D9928C182B717AFC00067EA9 /* AppDelegate.swift in Sources */,
				D9928C502B71810300067EA9 /* TestUpdateInsertUpdateRemoveUpdateCollectionViewController.swift in Sources */,
				D9928C1A2B717AFC00067EA9 /* SceneDelegate.swift in Sources */,
			);
			runOnlyForDeploymentPostprocessing = 0;
		};
		D9928C302B717AFD00067EA9 /* Sources */ = {
			isa = PBXSourcesBuildPhase;
			buildActionMask = 2147483647;
			files = (
				D9928C392B717AFD00067EA9 /* ComposedUITestsUITests.swift in Sources */,
			);
			runOnlyForDeploymentPostprocessing = 0;
		};
/* End PBXSourcesBuildPhase section */

/* Begin PBXTargetDependency section */
		D9928C362B717AFD00067EA9 /* PBXTargetDependency */ = {
			isa = PBXTargetDependency;
			target = D9928C132B717AFC00067EA9 /* ComposedUITests */;
			targetProxy = D9928C352B717AFD00067EA9 /* PBXContainerItemProxy */;
		};
/* End PBXTargetDependency section */

/* Begin PBXVariantGroup section */
		D9928C222B717AFD00067EA9 /* LaunchScreen.storyboard */ = {
			isa = PBXVariantGroup;
			children = (
				D9928C232B717AFD00067EA9 /* Base */,
			);
			name = LaunchScreen.storyboard;
			sourceTree = "<group>";
		};
/* End PBXVariantGroup section */

/* Begin XCBuildConfiguration section */
		D9928C3C2B717AFD00067EA9 /* Debug */ = {
			isa = XCBuildConfiguration;
			buildSettings = {
				ALWAYS_SEARCH_USER_PATHS = NO;
				CLANG_ANALYZER_NONNULL = YES;
				CLANG_ANALYZER_NUMBER_OBJECT_CONVERSION = YES_AGGRESSIVE;
				CLANG_CXX_LANGUAGE_STANDARD = "gnu++20";
				CLANG_ENABLE_MODULES = YES;
				CLANG_ENABLE_OBJC_ARC = YES;
				CLANG_ENABLE_OBJC_WEAK = YES;
				CLANG_WARN_BLOCK_CAPTURE_AUTORELEASING = YES;
				CLANG_WARN_BOOL_CONVERSION = YES;
				CLANG_WARN_COMMA = YES;
				CLANG_WARN_CONSTANT_CONVERSION = YES;
				CLANG_WARN_DEPRECATED_OBJC_IMPLEMENTATIONS = YES;
				CLANG_WARN_DIRECT_OBJC_ISA_USAGE = YES_ERROR;
				CLANG_WARN_DOCUMENTATION_COMMENTS = YES;
				CLANG_WARN_EMPTY_BODY = YES;
				CLANG_WARN_ENUM_CONVERSION = YES;
				CLANG_WARN_INFINITE_RECURSION = YES;
				CLANG_WARN_INT_CONVERSION = YES;
				CLANG_WARN_NON_LITERAL_NULL_CONVERSION = YES;
				CLANG_WARN_OBJC_IMPLICIT_RETAIN_SELF = YES;
				CLANG_WARN_OBJC_LITERAL_CONVERSION = YES;
				CLANG_WARN_OBJC_ROOT_CLASS = YES_ERROR;
				CLANG_WARN_QUOTED_INCLUDE_IN_FRAMEWORK_HEADER = YES;
				CLANG_WARN_RANGE_LOOP_ANALYSIS = YES;
				CLANG_WARN_STRICT_PROTOTYPES = YES;
				CLANG_WARN_SUSPICIOUS_MOVE = YES;
				CLANG_WARN_UNGUARDED_AVAILABILITY = YES_AGGRESSIVE;
				CLANG_WARN_UNREACHABLE_CODE = YES;
				CLANG_WARN__DUPLICATE_METHOD_MATCH = YES;
				COPY_PHASE_STRIP = NO;
				DEBUG_INFORMATION_FORMAT = dwarf;
				ENABLE_STRICT_OBJC_MSGSEND = YES;
				ENABLE_TESTABILITY = YES;
				GCC_C_LANGUAGE_STANDARD = gnu11;
				GCC_DYNAMIC_NO_PIC = NO;
				GCC_NO_COMMON_BLOCKS = YES;
				GCC_OPTIMIZATION_LEVEL = 0;
				GCC_PREPROCESSOR_DEFINITIONS = (
					"DEBUG=1",
					"$(inherited)",
				);
				GCC_WARN_64_TO_32_BIT_CONVERSION = YES;
				GCC_WARN_ABOUT_RETURN_TYPE = YES_ERROR;
				GCC_WARN_UNDECLARED_SELECTOR = YES;
				GCC_WARN_UNINITIALIZED_AUTOS = YES_AGGRESSIVE;
				GCC_WARN_UNUSED_FUNCTION = YES;
				GCC_WARN_UNUSED_VARIABLE = YES;
				IPHONEOS_DEPLOYMENT_TARGET = 13.0;
				MTL_ENABLE_DEBUG_INFO = INCLUDE_SOURCE;
				MTL_FAST_MATH = YES;
				ONLY_ACTIVE_ARCH = YES;
				PRODUCT_BUNDLE_IDENTIFIER = "com.sportybet.${PRODUCT_NAME}${SAMPLE_CODE_DISAMBIGUATOR}";
				SDKROOT = iphoneos;
				SWIFT_ACTIVE_COMPILATION_CONDITIONS = DEBUG;
				SWIFT_OPTIMIZATION_LEVEL = "-Onone";
			};
			name = Debug;
		};
		D9928C3D2B717AFD00067EA9 /* Release */ = {
			isa = XCBuildConfiguration;
			buildSettings = {
				ALWAYS_SEARCH_USER_PATHS = NO;
				CLANG_ANALYZER_NONNULL = YES;
				CLANG_ANALYZER_NUMBER_OBJECT_CONVERSION = YES_AGGRESSIVE;
				CLANG_CXX_LANGUAGE_STANDARD = "gnu++20";
				CLANG_ENABLE_MODULES = YES;
				CLANG_ENABLE_OBJC_ARC = YES;
				CLANG_ENABLE_OBJC_WEAK = YES;
				CLANG_WARN_BLOCK_CAPTURE_AUTORELEASING = YES;
				CLANG_WARN_BOOL_CONVERSION = YES;
				CLANG_WARN_COMMA = YES;
				CLANG_WARN_CONSTANT_CONVERSION = YES;
				CLANG_WARN_DEPRECATED_OBJC_IMPLEMENTATIONS = YES;
				CLANG_WARN_DIRECT_OBJC_ISA_USAGE = YES_ERROR;
				CLANG_WARN_DOCUMENTATION_COMMENTS = YES;
				CLANG_WARN_EMPTY_BODY = YES;
				CLANG_WARN_ENUM_CONVERSION = YES;
				CLANG_WARN_INFINITE_RECURSION = YES;
				CLANG_WARN_INT_CONVERSION = YES;
				CLANG_WARN_NON_LITERAL_NULL_CONVERSION = YES;
				CLANG_WARN_OBJC_IMPLICIT_RETAIN_SELF = YES;
				CLANG_WARN_OBJC_LITERAL_CONVERSION = YES;
				CLANG_WARN_OBJC_ROOT_CLASS = YES_ERROR;
				CLANG_WARN_QUOTED_INCLUDE_IN_FRAMEWORK_HEADER = YES;
				CLANG_WARN_RANGE_LOOP_ANALYSIS = YES;
				CLANG_WARN_STRICT_PROTOTYPES = YES;
				CLANG_WARN_SUSPICIOUS_MOVE = YES;
				CLANG_WARN_UNGUARDED_AVAILABILITY = YES_AGGRESSIVE;
				CLANG_WARN_UNREACHABLE_CODE = YES;
				CLANG_WARN__DUPLICATE_METHOD_MATCH = YES;
				COPY_PHASE_STRIP = NO;
				DEBUG_INFORMATION_FORMAT = "dwarf-with-dsym";
				ENABLE_NS_ASSERTIONS = NO;
				ENABLE_STRICT_OBJC_MSGSEND = YES;
				GCC_C_LANGUAGE_STANDARD = gnu11;
				GCC_NO_COMMON_BLOCKS = YES;
				GCC_WARN_64_TO_32_BIT_CONVERSION = YES;
				GCC_WARN_ABOUT_RETURN_TYPE = YES_ERROR;
				GCC_WARN_UNDECLARED_SELECTOR = YES;
				GCC_WARN_UNINITIALIZED_AUTOS = YES_AGGRESSIVE;
				GCC_WARN_UNUSED_FUNCTION = YES;
				GCC_WARN_UNUSED_VARIABLE = YES;
				IPHONEOS_DEPLOYMENT_TARGET = 13.0;
				MTL_ENABLE_DEBUG_INFO = NO;
				MTL_FAST_MATH = YES;
				PRODUCT_BUNDLE_IDENTIFIER = "com.sportybet.${PRODUCT_NAME}${SAMPLE_CODE_DISAMBIGUATOR}";
				SDKROOT = iphoneos;
				SWIFT_COMPILATION_MODE = wholemodule;
				SWIFT_OPTIMIZATION_LEVEL = "-O";
				VALIDATE_PRODUCT = YES;
			};
			name = Release;
		};
		D9928C3F2B717AFD00067EA9 /* Debug */ = {
			isa = XCBuildConfiguration;
			buildSettings = {
				ASSETCATALOG_COMPILER_APPICON_NAME = AppIcon;
				ASSETCATALOG_COMPILER_GLOBAL_ACCENT_COLOR_NAME = AccentColor;
				CODE_SIGN_STYLE = Automatic;
				CURRENT_PROJECT_VERSION = 1;
				GENERATE_INFOPLIST_FILE = YES;
				INFOPLIST_FILE = ComposedUITests/Info.plist;
				INFOPLIST_KEY_UIApplicationSupportsIndirectInputEvents = YES;
				INFOPLIST_KEY_UILaunchStoryboardName = LaunchScreen;
				INFOPLIST_KEY_UISupportedInterfaceOrientations_iPad = "UIInterfaceOrientationPortrait UIInterfaceOrientationPortraitUpsideDown UIInterfaceOrientationLandscapeLeft UIInterfaceOrientationLandscapeRight";
				INFOPLIST_KEY_UISupportedInterfaceOrientations_iPhone = "UIInterfaceOrientationPortrait UIInterfaceOrientationLandscapeLeft UIInterfaceOrientationLandscapeRight";
				LD_RUNPATH_SEARCH_PATHS = (
					"$(inherited)",
					"@executable_path/Frameworks",
				);
				MARKETING_VERSION = 1.0;
				PRODUCT_NAME = "$(TARGET_NAME)";
				SUPPORTED_PLATFORMS = "iphoneos iphonesimulator";
				SUPPORTS_MACCATALYST = NO;
				SUPPORTS_MAC_DESIGNED_FOR_IPHONE_IPAD = NO;
				SWIFT_EMIT_LOC_STRINGS = YES;
				SWIFT_VERSION = 5.0;
				TARGETED_DEVICE_FAMILY = "1,2";
			};
			name = Debug;
		};
		D9928C402B717AFD00067EA9 /* Release */ = {
			isa = XCBuildConfiguration;
			buildSettings = {
				ASSETCATALOG_COMPILER_APPICON_NAME = AppIcon;
				ASSETCATALOG_COMPILER_GLOBAL_ACCENT_COLOR_NAME = AccentColor;
				CODE_SIGN_STYLE = Automatic;
				CURRENT_PROJECT_VERSION = 1;
				GENERATE_INFOPLIST_FILE = YES;
				INFOPLIST_FILE = ComposedUITests/Info.plist;
				INFOPLIST_KEY_UIApplicationSupportsIndirectInputEvents = YES;
				INFOPLIST_KEY_UILaunchStoryboardName = LaunchScreen;
				INFOPLIST_KEY_UISupportedInterfaceOrientations_iPad = "UIInterfaceOrientationPortrait UIInterfaceOrientationPortraitUpsideDown UIInterfaceOrientationLandscapeLeft UIInterfaceOrientationLandscapeRight";
				INFOPLIST_KEY_UISupportedInterfaceOrientations_iPhone = "UIInterfaceOrientationPortrait UIInterfaceOrientationLandscapeLeft UIInterfaceOrientationLandscapeRight";
				LD_RUNPATH_SEARCH_PATHS = (
					"$(inherited)",
					"@executable_path/Frameworks",
				);
				MARKETING_VERSION = 1.0;
				PRODUCT_NAME = "$(TARGET_NAME)";
				SUPPORTED_PLATFORMS = "iphoneos iphonesimulator";
				SUPPORTS_MACCATALYST = NO;
				SUPPORTS_MAC_DESIGNED_FOR_IPHONE_IPAD = NO;
				SWIFT_EMIT_LOC_STRINGS = YES;
				SWIFT_VERSION = 5.0;
				TARGETED_DEVICE_FAMILY = "1,2";
			};
			name = Release;
		};
		D9928C452B717AFD00067EA9 /* Debug */ = {
			isa = XCBuildConfiguration;
			buildSettings = {
				ALWAYS_EMBED_SWIFT_STANDARD_LIBRARIES = YES;
				CODE_SIGN_STYLE = Automatic;
				CURRENT_PROJECT_VERSION = 1;
				GENERATE_INFOPLIST_FILE = YES;
				MARKETING_VERSION = 1.0;
				PRODUCT_NAME = "$(TARGET_NAME)";
				SWIFT_EMIT_LOC_STRINGS = NO;
				SWIFT_VERSION = 5.0;
				TARGETED_DEVICE_FAMILY = "1,2";
				TEST_TARGET_NAME = ComposedUITests;
			};
			name = Debug;
		};
		D9928C462B717AFD00067EA9 /* Release */ = {
			isa = XCBuildConfiguration;
			buildSettings = {
				ALWAYS_EMBED_SWIFT_STANDARD_LIBRARIES = YES;
				CODE_SIGN_STYLE = Automatic;
				CURRENT_PROJECT_VERSION = 1;
				GENERATE_INFOPLIST_FILE = YES;
				MARKETING_VERSION = 1.0;
				PRODUCT_NAME = "$(TARGET_NAME)";
				SWIFT_EMIT_LOC_STRINGS = NO;
				SWIFT_VERSION = 5.0;
				TARGETED_DEVICE_FAMILY = "1,2";
				TEST_TARGET_NAME = ComposedUITests;
			};
			name = Release;
		};
/* End XCBuildConfiguration section */

/* Begin XCConfigurationList section */
		D9928C0F2B717AFC00067EA9 /* Build configuration list for PBXProject "ComposedUITests" */ = {
			isa = XCConfigurationList;
			buildConfigurations = (
				D9928C3C2B717AFD00067EA9 /* Debug */,
				D9928C3D2B717AFD00067EA9 /* Release */,
			);
			defaultConfigurationIsVisible = 0;
			defaultConfigurationName = Release;
		};
		D9928C3E2B717AFD00067EA9 /* Build configuration list for PBXNativeTarget "ComposedUITests" */ = {
			isa = XCConfigurationList;
			buildConfigurations = (
				D9928C3F2B717AFD00067EA9 /* Debug */,
				D9928C402B717AFD00067EA9 /* Release */,
			);
			defaultConfigurationIsVisible = 0;
			defaultConfigurationName = Release;
		};
		D9928C442B717AFD00067EA9 /* Build configuration list for PBXNativeTarget "ComposedUITestsUITests" */ = {
			isa = XCConfigurationList;
			buildConfigurations = (
				D9928C452B717AFD00067EA9 /* Debug */,
				D9928C462B717AFD00067EA9 /* Release */,
			);
			defaultConfigurationIsVisible = 0;
			defaultConfigurationName = Release;
		};
/* End XCConfigurationList section */

/* Begin XCSwiftPackageProductDependency section */
		D9928C492B717C5F00067EA9 /* Composed */ = {
			isa = XCSwiftPackageProductDependency;
			productName = Composed;
		};
		D9928C4B2B717C5F00067EA9 /* ComposedLayouts */ = {
			isa = XCSwiftPackageProductDependency;
			productName = ComposedLayouts;
		};
		D9928C4D2B717C5F00067EA9 /* ComposedUI */ = {
			isa = XCSwiftPackageProductDependency;
			productName = ComposedUI;
		};
/* End XCSwiftPackageProductDependency section */
	};
	rootObject = D9928C0C2B717AFC00067EA9 /* Project object */;
}
